
Microsoft Visual Studio Solution File, Format Version 12.00
# Visual Studio Version 16
VisualStudioVersion = 16.0.31205.134
MinimumVisualStudioVersion = 10.0.40219.1
Project("{FAE04EC0-301F-11D3-BF4B-00C04F79EFBC}") = "20210511-fast", "20210511\20210511-fast.csproj", "{AB9264AA-5E96-4AC7-8068-66C9B665659A}"
EndProject
Project("{FAE04EC0-301F-11D3-BF4B-00C04F79EFBC}") = "20210511-keccakprng", "20210511-keccakprng\20210511-keccakprng.csproj", "{F1B63AA6-8CC7-4FDC-B74F-810F77F96362}"
EndProject
Project("{FAE04EC0-301F-11D3-BF4B-00C04F79EFBC}") = "LightRandomGenerator_test", "LightRandomGenerator_test\LightRandomGenerator_test.csproj", "{33B601B3-E8E8-4D3C-B658-1C6F59C14437}"
EndProject
Global
	GlobalSection(SolutionConfigurationPlatforms) = preSolution
		Debug|Any CPU = Debug|Any CPU
		Release|Any CPU = Release|Any CPU
	EndGlobalSection
	GlobalSection(ProjectConfigurationPlatforms) = postSolution
		{AB9264AA-5E96-4AC7-8068-66C9B665659A}.Debug|Any CPU.ActiveCfg = Debug|Any CPU
		{AB9264AA-5E96-4AC7-8068-66C9B665659A}.Debug|Any CPU.Build.0 = Debug|Any CPU
		{AB9264AA-5E96-4AC7-8068-66C9B665659A}.Release|Any CPU.ActiveCfg = Release|Any CPU
		{AB9264AA-5E96-4AC7-8068-66C9B665659A}.Release|Any CPU.Build.0 = Release|Any CPU
		{F1B63AA6-8CC7-4FDC-B74F-810F77F96362}.Debug|Any CPU.ActiveCfg = Debug|Any CPU
		{F1B63AA6-8CC7-4FDC-B74F-810F77F96362}.Debug|Any CPU.Build.0 = Debug|Any CPU
		{F1B63AA6-8CC7-4FDC-B74F-810F77F96362}.Release|Any CPU.ActiveCfg = Release|Any CPU
		{F1B63AA6-8CC7-4FDC-B74F-810F77F96362}.Release|Any CPU.Build.0 = Release|Any CPU
		{33B601B3-E8E8-4D3C-B658-1C6F59C14437}.Debug|Any CPU.ActiveCfg = Debug|Any CPU
		{33B601B3-E8E8-4D3C-B658-1C6F59C14437}.Debug|Any CPU.Build.0 = Debug|Any CPU
		{33B601B3-E8E8-4D3C-B658-1C6F59C14437}.Release|Any CPU.ActiveCfg = Release|Any CPU
		{33B601B3-E8E8-4D3C-B658-1C6F59C14437}.Release|Any CPU.Build.0 = Release|Any CPU
	EndGlobalSection
	GlobalSection(SolutionProperties) = preSolution
		HideSolutionNode = FALSE
	EndGlobalSection
	GlobalSection(ExtensibilityGlobals) = postSolution
		SolutionGuid = {598B17F9-975E-47EC-A000-C8C17D80C84E}
	EndGlobalSection
EndGlobal
